
Microsoft Visual Studio Solution File, Format Version 12.00
# Visual Studio Version 17
VisualStudioVersion = 17.1.32421.90
MinimumVisualStudioVersion = 10.0.40219.1
Project("{FAE04EC0-301F-11D3-BF4B-00C04F79EFBC}") = "nonogram_final_v2.0", "nonogram_final_v2.0\nonogram_final_v2.0.csproj", "{D59BAEAD-B05E-4367-BD2B-AF7D793218ED}"
EndProject
Global
	GlobalSection(SolutionConfigurationPlatforms) = preSolution
		Debug|Any CPU = Debug|Any CPU
		Release|Any CPU = Release|Any CPU
	EndGlobalSection
	GlobalSection(ProjectConfigurationPlatforms) = postSolution
		{D59BAEAD-B05E-4367-BD2B-AF7D793218ED}.Debug|Any CPU.ActiveCfg = Debug|Any CPU
		{D59BAEAD-B05E-4367-BD2B-AF7D793218ED}.Debug|Any CPU.Build.0 = Debug|Any CPU
		{D59BAEAD-B05E-4367-BD2B-AF7D793218ED}.Release|Any CPU.ActiveCfg = Release|Any CPU
		{D59BAEAD-B05E-4367-BD2B-AF7D793218ED}.Release|Any CPU.Build.0 = Release|Any CPU
	EndGlobalSection
	GlobalSection(SolutionProperties) = preSolution
		HideSolutionNode = FALSE
	EndGlobalSection
	GlobalSection(ExtensibilityGlobals) = postSolution
		SolutionGuid = {A5B360C3-85D9-45A8-9C7A-402ABCBA86AB}
	EndGlobalSection
EndGlobal
